// !$*UTF8*$!
{
	archiveVersion = 1;
	classes = {
	};
	objectVersion = 48;
	objects = {

/* Begin PBXBuildFile section */
		5136CB551FE7B85F00C449C0 /* AppDelegate.m in Sources */ = {isa = PBXBuildFile; fileRef = 5136CB541FE7B85F00C449C0 /* AppDelegate.m */; };
		5136CB581FE7B85F00C449C0 /* ViewController.m in Sources */ = {isa = PBXBuildFile; fileRef = 5136CB571FE7B85F00C449C0 /* ViewController.m */; };
		5136CB5B1FE7B85F00C449C0 /* Main.storyboard in Resources */ = {isa = PBXBuildFile; fileRef = 5136CB591FE7B85F00C449C0 /* Main.storyboard */; };
		5136CB5D1FE7B85F00C449C0 /* Assets.xcassets in Resources */ = {isa = PBXBuildFile; fileRef = 5136CB5C1FE7B85F00C449C0 /* Assets.xcassets */; };
		5136CB601FE7B85F00C449C0 /* LaunchScreen.storyboard in Resources */ = {isa = PBXBuildFile; fileRef = 5136CB5E1FE7B85F00C449C0 /* LaunchScreen.storyboard */; };
		5136CB631FE7B85F00C449C0 /* main.m in Sources */ = {isa = PBXBuildFile; fileRef = 5136CB621FE7B85F00C449C0 /* main.m */; };
		514354AC1FF4BDA2001D0A50 /* DemoVC.m in Sources */ = {isa = PBXBuildFile; fileRef = 514354AA1FF4BDA2001D0A50 /* DemoVC.m */; };
		514354AD1FF4BDA2001D0A50 /* DemoVC.xib in Resources */ = {isa = PBXBuildFile; fileRef = 514354AB1FF4BDA2001D0A50 /* DemoVC.xib */; };
		514354AF1FF4BE14001D0A50 /* nilu.png in Resources */ = {isa = PBXBuildFile; fileRef = 514354AE1FF4BE14001D0A50 /* nilu.png */; };
		51CD00CF1FF4E5E00007BE2E /* huoying.JPEG in Resources */ = {isa = PBXBuildFile; fileRef = 51CD00CE1FF4E5E00007BE2E /* huoying.JPEG */; };
		51CD00D31FF4E6010007BE2E /* ViewJumpVC.m in Sources */ = {isa = PBXBuildFile; fileRef = 51CD00D11FF4E6010007BE2E /* ViewJumpVC.m */; };
		51CD00D41FF4E6010007BE2E /* ViewJumpVC.xib in Resources */ = {isa = PBXBuildFile; fileRef = 51CD00D21FF4E6010007BE2E /* ViewJumpVC.xib */; };
/* End PBXBuildFile section */

/* Begin PBXFileReference section */
		5136CB501FE7B85F00C449C0 /* UTPODDEMO.app */ = {isa = PBXFileReference; explicitFileType = wrapper.application; includeInIndex = 0; path = UTPODDEMO.app; sourceTree = BUILT_PRODUCTS_DIR; };
		5136CB531FE7B85F00C449C0 /* AppDelegate.h */ = {isa = PBXFileReference; lastKnownFileType = sourcecode.c.h; path = AppDelegate.h; sourceTree = "<group>"; };
		5136CB541FE7B85F00C449C0 /* AppDelegate.m */ = {isa = PBXFileReference; lastKnownFileType = sourcecode.c.objc; path = AppDelegate.m; sourceTree = "<group>"; };
		5136CB561FE7B85F00C449C0 /* ViewController.h */ = {isa = PBXFileReference; lastKnownFileType = sourcecode.c.h; path = ViewController.h; sourceTree = "<group>"; };
		5136CB571FE7B85F00C449C0 /* ViewController.m */ = {isa = PBXFileReference; lastKnownFileType = sourcecode.c.objc; path = ViewController.m; sourceTree = "<group>"; };
		5136CB5A1FE7B85F00C449C0 /* Base */ = {isa = PBXFileReference; lastKnownFileType = file.storyboard; name = Base; path = Base.lproj/Main.storyboard; sourceTree = "<group>"; };
		5136CB5C1FE7B85F00C449C0 /* Assets.xcassets */ = {isa = PBXFileReference; lastKnownFileType = folder.assetcatalog; path = Assets.xcassets; sourceTree = "<group>"; };
		5136CB5F1FE7B85F00C449C0 /* Base */ = {isa = PBXFileReference; lastKnownFileType = file.storyboard; name = Base; path = Base.lproj/LaunchScreen.storyboard; sourceTree = "<group>"; };
		5136CB611FE7B85F00C449C0 /* Info.plist */ = {isa = PBXFileReference; lastKnownFileType = text.plist.xml; path = Info.plist; sourceTree = "<group>"; };
		5136CB621FE7B85F00C449C0 /* main.m */ = {isa = PBXFileReference; lastKnownFileType = sourcecode.c.objc; path = main.m; sourceTree = "<group>"; };
		514354A91FF4BDA2001D0A50 /* DemoVC.h */ = {isa = PBXFileReference; lastKnownFileType = sourcecode.c.h; path = DemoVC.h; sourceTree = "<group>"; };
		514354AA1FF4BDA2001D0A50 /* DemoVC.m */ = {isa = PBXFileReference; lastKnownFileType = sourcecode.c.objc; path = DemoVC.m; sourceTree = "<group>"; };
		514354AB1FF4BDA2001D0A50 /* DemoVC.xib */ = {isa = PBXFileReference; lastKnownFileType = file.xib; path = DemoVC.xib; sourceTree = "<group>"; };
		514354AE1FF4BE14001D0A50 /* nilu.png */ = {isa = PBXFileReference; lastKnownFileType = image.png; path = nilu.png; sourceTree = "<group>"; };
		51CD00CE1FF4E5E00007BE2E /* huoying.JPEG */ = {isa = PBXFileReference; lastKnownFileType = image.jpeg; path = huoying.JPEG; sourceTree = "<group>"; };
		51CD00D01FF4E6010007BE2E /* ViewJumpVC.h */ = {isa = PBXFileReference; lastKnownFileType = sourcecode.c.h; path = ViewJumpVC.h; sourceTree = "<group>"; };
		51CD00D11FF4E6010007BE2E /* ViewJumpVC.m */ = {isa = PBXFileReference; lastKnownFileType = sourcecode.c.objc; path = ViewJumpVC.m; sourceTree = "<group>"; };
		51CD00D21FF4E6010007BE2E /* ViewJumpVC.xib */ = {isa = PBXFileReference; lastKnownFileType = file.xib; path = ViewJumpVC.xib; sourceTree = "<group>"; };
/* End PBXFileReference section */

/* Begin PBXFrameworksBuildPhase section */
		5136CB4D1FE7B85F00C449C0 /* Frameworks */ = {
			isa = PBXFrameworksBuildPhase;
			buildActionMask = 2147483647;
			files = (
			);
			runOnlyForDeploymentPostprocessing = 0;
		};
/* End PBXFrameworksBuildPhase section */

/* Begin PBXGroup section */
		51090F0D1FEBA86300794538 /* Demo */ = {
			isa = PBXGroup;
			children = (
				51CD00CE1FF4E5E00007BE2E /* huoying.JPEG */,
				514354AE1FF4BE14001D0A50 /* nilu.png */,
				514354A91FF4BDA2001D0A50 /* DemoVC.h */,
				514354AA1FF4BDA2001D0A50 /* DemoVC.m */,
				514354AB1FF4BDA2001D0A50 /* DemoVC.xib */,
				51CD00D01FF4E6010007BE2E /* ViewJumpVC.h */,
				51CD00D11FF4E6010007BE2E /* ViewJumpVC.m */,
				51CD00D21FF4E6010007BE2E /* ViewJumpVC.xib */,
			);
			path = Demo;
			sourceTree = "<group>";
		};
		5136CB471FE7B85F00C449C0 = {
			isa = PBXGroup;
			children = (
				5136CB521FE7B85F00C449C0 /* UTPODDEMO */,
				5136CB511FE7B85F00C449C0 /* Products */,
			);
			sourceTree = "<group>";
		};
		5136CB511FE7B85F00C449C0 /* Products */ = {
			isa = PBXGroup;
			children = (
				5136CB501FE7B85F00C449C0 /* UTPODDEMO.app */,
			);
			name = Products;
			sourceTree = "<group>";
		};
		5136CB521FE7B85F00C449C0 /* UTPODDEMO */ = {
			isa = PBXGroup;
			children = (
				51090F0D1FEBA86300794538 /* Demo */,
				5136CB531FE7B85F00C449C0 /* AppDelegate.h */,
				5136CB541FE7B85F00C449C0 /* AppDelegate.m */,
				5136CB561FE7B85F00C449C0 /* ViewController.h */,
				5136CB571FE7B85F00C449C0 /* ViewController.m */,
				5136CB591FE7B85F00C449C0 /* Main.storyboard */,
				5136CB5C1FE7B85F00C449C0 /* Assets.xcassets */,
				5136CB5E1FE7B85F00C449C0 /* LaunchScreen.storyboard */,
				5136CB611FE7B85F00C449C0 /* Info.plist */,
				5136CB621FE7B85F00C449C0 /* main.m */,
			);
			path = UTPODDEMO;
			sourceTree = "<group>";
		};
/* End PBXGroup section */

/* Begin PBXNativeTarget section */
		5136CB4F1FE7B85F00C449C0 /* UTPODDEMO */ = {
			isa = PBXNativeTarget;
			buildConfigurationList = 5136CB661FE7B85F00C449C0 /* Build configuration list for PBXNativeTarget "UTPODDEMO" */;
			buildPhases = (
				5136CB4C1FE7B85F00C449C0 /* Sources */,
				5136CB4D1FE7B85F00C449C0 /* Frameworks */,
				5136CB4E1FE7B85F00C449C0 /* Resources */,
			);
			buildRules = (
			);
			dependencies = (
			);
			name = UTPODDEMO;
			productName = UTPODDEMO;
			productReference = 5136CB501FE7B85F00C449C0 /* UTPODDEMO.app */;
			productType = "com.apple.product-type.application";
		};
/* End PBXNativeTarget section */

/* Begin PBXProject section */
		5136CB481FE7B85F00C449C0 /* Project object */ = {
			isa = PBXProject;
			attributes = {
				LastUpgradeCheck = 0920;
				ORGANIZATIONNAME = lupeihan;
				TargetAttributes = {
					5136CB4F1FE7B85F00C449C0 = {
						CreatedOnToolsVersion = 9.2;
						ProvisioningStyle = Automatic;
					};
				};
			};
			buildConfigurationList = 5136CB4B1FE7B85F00C449C0 /* Build configuration list for PBXProject "UTPODDEMO" */;
			compatibilityVersion = "Xcode 8.0";
			developmentRegion = en;
			hasScannedForEncodings = 0;
			knownRegions = (
				en,
				Base,
			);
			mainGroup = 5136CB471FE7B85F00C449C0;
			productRefGroup = 5136CB511FE7B85F00C449C0 /* Products */;
			projectDirPath = "";
			projectRoot = "";
			targets = (
				5136CB4F1FE7B85F00C449C0 /* UTPODDEMO */,
			);
		};
/* End PBXProject section */

/* Begin PBXResourcesBuildPhase section */
		5136CB4E1FE7B85F00C449C0 /* Resources */ = {
			isa = PBXResourcesBuildPhase;
			buildActionMask = 2147483647;
			files = (
				51CD00D41FF4E6010007BE2E /* ViewJumpVC.xib in Resources */,
				5136CB601FE7B85F00C449C0 /* LaunchScreen.storyboard in Resources */,
				514354AF1FF4BE14001D0A50 /* nilu.png in Resources */,
				514354AD1FF4BDA2001D0A50 /* DemoVC.xib in Resources */,
				5136CB5D1FE7B85F00C449C0 /* Assets.xcassets in Resources */,
				5136CB5B1FE7B85F00C449C0 /* Main.storyboard in Resources */,
				51CD00CF1FF4E5E00007BE2E /* huoying.JPEG in Resources */,
			);
			runOnlyForDeploymentPostprocessing = 0;
		};
/* End PBXResourcesBuildPhase section */

/* Begin PBXSourcesBuildPhase section */
		5136CB4C1FE7B85F00C449C0 /* Sources */ = {
			isa = PBXSourcesBuildPhase;
			buildActionMask = 2147483647;
			files = (
				5136CB581FE7B85F00C449C0 /* ViewController.m in Sources */,
				514354AC1FF4BDA2001D0A50 /* DemoVC.m in Sources */,
				5136CB631FE7B85F00C449C0 /* main.m in Sources */,
				5136CB551FE7B85F00C449C0 /* AppDelegate.m in Sources */,
				51CD00D31FF4E6010007BE2E /* ViewJumpVC.m in Sources */,
			);
			runOnlyForDeploymentPostprocessing = 0;
		};
/* End PBXSourcesBuildPhase section */

/* Begin PBXVariantGroup section */
		5136CB591FE7B85F00C449C0 /* Main.storyboard */ = {
			isa = PBXVariantGroup;
			children = (
				5136CB5A1FE7B85F00C449C0 /* Base */,
			);
			name = Main.storyboard;
			sourceTree = "<group>";
		};
		5136CB5E1FE7B85F00C449C0 /* LaunchScreen.storyboard */ = {
			isa = PBXVariantGroup;
			children = (
				5136CB5F1FE7B85F00C449C0 /* Base */,
			);
			name = LaunchScreen.storyboard;
			sourceTree = "<group>";
		};
/* End PBXVariantGroup section */

/* Begin XCBuildConfiguration section */
		5136CB641FE7B85F00C449C0 /* Debug */ = {
			isa = XCBuildConfiguration;
			buildSettings = {
				ALWAYS_SEARCH_USER_PATHS = NO;
				CLANG_ANALYZER_NONNULL = YES;
				CLANG_ANALYZER_NUMBER_OBJECT_CONVERSION = YES_AGGRESSIVE;
				CLANG_CXX_LANGUAGE_STANDARD = "gnu++14";
				CLANG_CXX_LIBRARY = "libc++";
				CLANG_ENABLE_MODULES = YES;
				CLANG_ENABLE_OBJC_ARC = YES;
				CLANG_WARN_BLOCK_CAPTURE_AUTORELEASING = YES;
				CLANG_WARN_BOOL_CONVERSION = YES;
				CLANG_WARN_COMMA = YES;
				CLANG_WARN_CONSTANT_CONVERSION = YES;
				CLANG_WARN_DIRECT_OBJC_ISA_USAGE = YES_ERROR;
				CLANG_WARN_DOCUMENTATION_COMMENTS = YES;
				CLANG_WARN_EMPTY_BODY = YES;
				CLANG_WARN_ENUM_CONVERSION = YES;
				CLANG_WARN_INFINITE_RECURSION = YES;
				CLANG_WARN_INT_CONVERSION = YES;
				CLANG_WARN_NON_LITERAL_NULL_CONVERSION = YES;
				CLANG_WARN_OBJC_LITERAL_CONVERSION = YES;
				CLANG_WARN_OBJC_ROOT_CLASS = YES_ERROR;
				CLANG_WARN_RANGE_LOOP_ANALYSIS = YES;
				CLANG_WARN_STRICT_PROTOTYPES = YES;
				CLANG_WARN_SUSPICIOUS_MOVE = YES;
				CLANG_WARN_UNGUARDED_AVAILABILITY = YES_AGGRESSIVE;
				CLANG_WARN_UNREACHABLE_CODE = YES;
				CLANG_WARN__DUPLICATE_METHOD_MATCH = YES;
				CODE_SIGN_IDENTITY = "iPhone Developer";
				COPY_PHASE_STRIP = NO;
				DEBUG_INFORMATION_FORMAT = dwarf;
				ENABLE_STRICT_OBJC_MSGSEND = YES;
				ENABLE_TESTABILITY = YES;
				GCC_C_LANGUAGE_STANDARD = gnu11;
				GCC_DYNAMIC_NO_PIC = NO;
				GCC_NO_COMMON_BLOCKS = YES;
				GCC_OPTIMIZATION_LEVEL = 0;
				GCC_PREPROCESSOR_DEFINITIONS = (
					"DEBUG=1",
					"$(inherited)",
				);
				GCC_WARN_64_TO_32_BIT_CONVERSION = YES;
				GCC_WARN_ABOUT_RETURN_TYPE = YES_ERROR;
				GCC_WARN_UNDECLARED_SELECTOR = YES;
				GCC_WARN_UNINITIALIZED_AUTOS = YES_AGGRESSIVE;
				GCC_WARN_UNUSED_FUNCTION = YES;
				GCC_WARN_UNUSED_VARIABLE = YES;
				IPHONEOS_DEPLOYMENT_TARGET = 11.2;
				MTL_ENABLE_DEBUG_INFO = YES;
				ONLY_ACTIVE_ARCH = YES;
				SDKROOT = iphoneos;
			};
			name = Debug;
		};
		5136CB651FE7B85F00C449C0 /* Release */ = {
			isa = XCBuildConfiguration;
			buildSettings = {
				ALWAYS_SEARCH_USER_PATHS = NO;
				CLANG_ANALYZER_NONNULL = YES;
				CLANG_ANALYZER_NUMBER_OBJECT_CONVERSION = YES_AGGRESSIVE;
				CLANG_CXX_LANGUAGE_STANDARD = "gnu++14";
				CLANG_CXX_LIBRARY = "libc++";
				CLANG_ENABLE_MODULES = YES;
				CLANG_ENABLE_OBJC_ARC = YES;
				CLANG_WARN_BLOCK_CAPTURE_AUTORELEASING = YES;
				CLANG_WARN_BOOL_CONVERSION = YES;
				CLANG_WARN_COMMA = YES;
				CLANG_WARN_CONSTANT_CONVERSION = YES;
				CLANG_WARN_DIRECT_OBJC_ISA_USAGE = YES_ERROR;
				CLANG_WARN_DOCUMENTATION_COMMENTS = YES;
				CLANG_WARN_EMPTY_BODY = YES;
				CLANG_WARN_ENUM_CONVERSION = YES;
				CLANG_WARN_INFINITE_RECURSION = YES;
				CLANG_WARN_INT_CONVERSION = YES;
				CLANG_WARN_NON_LITERAL_NULL_CONVERSION = YES;
				CLANG_WARN_OBJC_LITERAL_CONVERSION = YES;
				CLANG_WARN_OBJC_ROOT_CLASS = YES_ERROR;
				CLANG_WARN_RANGE_LOOP_ANALYSIS = YES;
				CLANG_WARN_STRICT_PROTOTYPES = YES;
				CLANG_WARN_SUSPICIOUS_MOVE = YES;
				CLANG_WARN_UNGUARDED_AVAILABILITY = YES_AGGRESSIVE;
				CLANG_WARN_UNREACHABLE_CODE = YES;
				CLANG_WARN__DUPLICATE_METHOD_MATCH = YES;
				CODE_SIGN_IDENTITY = "iPhone Developer";
				COPY_PHASE_STRIP = NO;
				DEBUG_INFORMATION_FORMAT = "dwarf-with-dsym";
				ENABLE_NS_ASSERTIONS = NO;
				ENABLE_STRICT_OBJC_MSGSEND = YES;
				GCC_C_LANGUAGE_STANDARD = gnu11;
				GCC_NO_COMMON_BLOCKS = YES;
				GCC_WARN_64_TO_32_BIT_CONVERSION = YES;
				GCC_WARN_ABOUT_RETURN_TYPE = YES_ERROR;
				GCC_WARN_UNDECLARED_SELECTOR = YES;
				GCC_WARN_UNINITIALIZED_AUTOS = YES_AGGRESSIVE;
				GCC_WARN_UNUSED_FUNCTION = YES;
				GCC_WARN_UNUSED_VARIABLE = YES;
				IPHONEOS_DEPLOYMENT_TARGET = 11.2;
				MTL_ENABLE_DEBUG_INFO = NO;
				SDKROOT = iphoneos;
				VALIDATE_PRODUCT = YES;
			};
			name = Release;
		};
		5136CB671FE7B85F00C449C0 /* Debug */ = {
			isa = XCBuildConfiguration;
			buildSettings = {
				ASSETCATALOG_COMPILER_APPICON_NAME = AppIcon;
				CODE_SIGN_STYLE = Automatic;
				DEVELOPMENT_TEAM = CQNZ85QPJM;
				INFOPLIST_FILE = UTPODDEMO/Info.plist;
				IPHONEOS_DEPLOYMENT_TARGET = 9.0;
				LD_RUNPATH_SEARCH_PATHS = "$(inherited) @executable_path/Frameworks";
				PRODUCT_BUNDLE_IDENTIFIER = ut.com.UTPODDEMO;
				PRODUCT_NAME = "$(TARGET_NAME)";
				TARGETED_DEVICE_FAMILY = "1,2";
			};
			name = Debug;
		};
		5136CB681FE7B85F00C449C0 /* Release */ = {
			isa = XCBuildConfiguration;
			buildSettings = {
				ASSETCATALOG_COMPILER_APPICON_NAME = AppIcon;
				CODE_SIGN_STYLE = Automatic;
				DEVELOPMENT_TEAM = CQNZ85QPJM;
				INFOPLIST_FILE = UTPODDEMO/Info.plist;
				IPHONEOS_DEPLOYMENT_TARGET = 9.0;
				LD_RUNPATH_SEARCH_PATHS = "$(inherited) @executable_path/Frameworks";
				PRODUCT_BUNDLE_IDENTIFIER = ut.com.UTPODDEMO;
				PRODUCT_NAME = "$(TARGET_NAME)";
				TARGETED_DEVICE_FAMILY = "1,2";
			};
			name = Release;
		};
/* End XCBuildConfiguration section */

/* Begin XCConfigurationList section */
		5136CB4B1FE7B85F00C449C0 /* Build configuration list for PBXProject "UTPODDEMO" */ = {
			isa = XCConfigurationList;
			buildConfigurations = (
				5136CB641FE7B85F00C449C0 /* Debug */,
				5136CB651FE7B85F00C449C0 /* Release */,
			);
			defaultConfigurationIsVisible = 0;
			defaultConfigurationName = Release;
		};
		5136CB661FE7B85F00C449C0 /* Build configuration list for PBXNativeTarget "UTPODDEMO" */ = {
			isa = XCConfigurationList;
			buildConfigurations = (
				5136CB671FE7B85F00C449C0 /* Debug */,
				5136CB681FE7B85F00C449C0 /* Release */,
			);
			defaultConfigurationIsVisible = 0;
			defaultConfigurationName = Release;
		};
/* End XCConfigurationList section */
	};
	rootObject = 5136CB481FE7B85F00C449C0 /* Project object */;
}
